golang.org/x/crypto v0.0.0-20170606163016-e7ba82683099 h1:I4qkV9tPncVkQYMfrPH2Puyw2/JzngpFdj4yRu95AgM=
golang.org/x/crypto v0.0.0-20170606163016-e7ba82683099/go.mod h1:6SG95UA2DQfeDnfUPMdvaQW0Q7yPrPDi9nlGo2tz2b4=
golang.org/x/net v0.0.0-20170610001149-1a68b1313cf4/go.mod h1:mL1N/T3taQHkDXs73rZJwtUhF3w3ftmwwsq0BUmARs4=
golang.org/x/text v0.0.0-20170609090223-210eee5cf732/go.mod h1:NqM8EUOU14njkJ3fqMW+pc6Ldnwhi/IjpwHt7yyuwOQ=
