# This file is autogenerated, do not edit; changes may be undone by the next 'dep ensure'.


[[projects]]
  branch = "master"
  name = "golang.org/x/crypto"
  packages = ["acme","acme/autocert"]
  revision = "e7ba82683099cae71475961448ab8f903ea77c26"

[[projects]]
  branch = "master"
  name = "golang.org/x/net"
  packages = ["http2","http2/hpack","idna","lex/httplex"]
  revision = "1a68b1313cf4ad7778376e82641197b60c02f65c"

[[projects]]
  branch = "master"
  name = "golang.org/x/text"
  packages = ["internal/gen","internal/triegen","internal/ucd","secure/bidirule","transform","unicode/bidi","unicode/cldr","unicode/norm","unicode/rangetable"]
  revision = "210eee5cf7323015d097341bcf7166130d001cd8"

[solve-meta]
  analyzer-name = "dep"
  analyzer-version = 1
  inputs-digest = "4788eddbc56c959bf40dc06480f08af036f6afd585c8c4420cc9c66bcae5b831"
  solver-name = "gps-cdcl"
  solver-version = 1
